// !$*UTF8*$!
{
	archiveVersion = 1;
	classes = {
	};
	objectVersion = 56;
	objects = {

/* Begin PBXBuildFile section */
		3BDD4FB629B81B610062263E /* AppDelegate.swift in Sources */ = {isa = PBXBuildFile; fileRef = 3BDD4FB529B81B610062263E /* AppDelegate.swift */; };
		3BDD4FB829B81B610062263E /* SceneDelegate.swift in Sources */ = {isa = PBXBuildFile; fileRef = 3BDD4FB729B81B610062263E /* SceneDelegate.swift */; };
		3BDD4FBA29B81B610062263E /* ConversationsViewController.swift in Sources */ = {isa = PBXBuildFile; fileRef = 3BDD4FB929B81B610062263E /* ConversationsViewController.swift */; };
		3BDD4FBD29B81B610062263E /* Main.storyboard in Resources */ = {isa = PBXBuildFile; fileRef = 3BDD4FBB29B81B610062263E /* Main.storyboard */; };
		3BDD4FBF29B81B650062263E /* Assets.xcassets in Resources */ = {isa = PBXBuildFile; fileRef = 3BDD4FBE29B81B650062263E /* Assets.xcassets */; };
		3BDD4FC229B81B650062263E /* LaunchScreen.storyboard in Resources */ = {isa = PBXBuildFile; fileRef = 3BDD4FC029B81B650062263E /* LaunchScreen.storyboard */; };
		3BDD4FCB29B8228E0062263E /* README.md in Resources */ = {isa = PBXBuildFile; fileRef = 3BDD4FCA29B8228E0062263E /* README.md */; };
		3BDD4FD329B828B50062263E /* Utilities.swift in Sources */ = {isa = PBXBuildFile; fileRef = 3BDD4FD229B828B50062263E /* Utilities.swift */; };
/* End PBXBuildFile section */

/* Begin PBXFileReference section */
		3BDD4FB229B81B610062263E /* Messenger.app */ = {isa = PBXFileReference; explicitFileType = wrapper.application; includeInIndex = 0; path = Messenger.app; sourceTree = BUILT_PRODUCTS_DIR; };
		3BDD4FB529B81B610062263E /* AppDelegate.swift */ = {isa = PBXFileReference; lastKnownFileType = sourcecode.swift; path = AppDelegate.swift; sourceTree = "<group>"; };
		3BDD4FB729B81B610062263E /* SceneDelegate.swift */ = {isa = PBXFileReference; lastKnownFileType = sourcecode.swift; path = SceneDelegate.swift; sourceTree = "<group>"; };
		3BDD4FB929B81B610062263E /* ConversationsViewController.swift */ = {isa = PBXFileReference; lastKnownFileType = sourcecode.swift; path = ConversationsViewController.swift; sourceTree = "<group>"; };
		3BDD4FBC29B81B610062263E /* Base */ = {isa = PBXFileReference; lastKnownFileType = file.storyboard; name = Base; path = Base.lproj/Main.storyboard; sourceTree = "<group>"; };
		3BDD4FBE29B81B650062263E /* Assets.xcassets */ = {isa = PBXFileReference; lastKnownFileType = folder.assetcatalog; path = Assets.xcassets; sourceTree = "<group>"; };
		3BDD4FC129B81B650062263E /* Base */ = {isa = PBXFileReference; lastKnownFileType = file.storyboard; name = Base; path = Base.lproj/LaunchScreen.storyboard; sourceTree = "<group>"; };
		3BDD4FC329B81B650062263E /* Info.plist */ = {isa = PBXFileReference; lastKnownFileType = text.plist.xml; path = Info.plist; sourceTree = "<group>"; };
		3BDD4FCA29B8228E0062263E /* README.md */ = {isa = PBXFileReference; lastKnownFileType = net.daringfireball.markdown; path = README.md; sourceTree = "<group>"; };
		3BDD4FD229B828B50062263E /* Utilities.swift */ = {isa = PBXFileReference; lastKnownFileType = sourcecode.swift; path = Utilities.swift; sourceTree = "<group>"; };
/* End PBXFileReference section */

/* Begin PBXFrameworksBuildPhase section */
		3BDD4FAF29B81B610062263E /* Frameworks */ = {
			isa = PBXFrameworksBuildPhase;
			buildActionMask = 2147483647;
			files = (
			);
			runOnlyForDeploymentPostprocessing = 0;
		};
/* End PBXFrameworksBuildPhase section */

/* Begin PBXGroup section */
		3BDD4FA929B81B610062263E = {
			isa = PBXGroup;
			children = (
				3BDD4FCA29B8228E0062263E /* README.md */,
				3BDD4FB429B81B610062263E /* Messenger */,
				3BDD4FB329B81B610062263E /* Products */,
			);
			sourceTree = "<group>";
		};
		3BDD4FB329B81B610062263E /* Products */ = {
			isa = PBXGroup;
			children = (
				3BDD4FB229B81B610062263E /* Messenger.app */,
			);
			name = Products;
			sourceTree = "<group>";
		};
		3BDD4FB429B81B610062263E /* Messenger */ = {
			isa = PBXGroup;
			children = (
				3BDD4FCC29B8235A0062263E /* Application */,
				3BDD4FCF29B8244B0062263E /* View */,
				3BDD4FD129B824720062263E /* Controller */,
				3BDD4FCE29B8237B0062263E /* Resources */,
				3BDD4FCD29B823740062263E /* Supporting Files */,
				3BDD4FC329B81B650062263E /* Info.plist */,
			);
			path = Messenger;
			sourceTree = "<group>";
		};
		3BDD4FCC29B8235A0062263E /* Application */ = {
			isa = PBXGroup;
			children = (
				3BDD4FB529B81B610062263E /* AppDelegate.swift */,
				3BDD4FB729B81B610062263E /* SceneDelegate.swift */,
			);
			path = Application;
			sourceTree = "<group>";
		};
		3BDD4FCD29B823740062263E /* Supporting Files */ = {
			isa = PBXGroup;
			children = (
				3BDD4FD229B828B50062263E /* Utilities.swift */,
			);
			path = "Supporting Files";
			sourceTree = "<group>";
		};
		3BDD4FCE29B8237B0062263E /* Resources */ = {
			isa = PBXGroup;
			children = (
				3BDD4FBE29B81B650062263E /* Assets.xcassets */,
			);
			path = Resources;
			sourceTree = "<group>";
		};
		3BDD4FCF29B8244B0062263E /* View */ = {
			isa = PBXGroup;
			children = (
				3BDD4FD029B824580062263E /* Storyboard */,
			);
			path = View;
			sourceTree = "<group>";
		};
		3BDD4FD029B824580062263E /* Storyboard */ = {
			isa = PBXGroup;
			children = (
				3BDD4FBB29B81B610062263E /* Main.storyboard */,
				3BDD4FC029B81B650062263E /* LaunchScreen.storyboard */,
			);
			path = Storyboard;
			sourceTree = "<group>";
		};
		3BDD4FD129B824720062263E /* Controller */ = {
			isa = PBXGroup;
			children = (
				3BDD4FB929B81B610062263E /* ConversationsViewController.swift */,
			);
			path = Controller;
			sourceTree = "<group>";
		};
/* End PBXGroup section */

/* Begin PBXNativeTarget section */
		3BDD4FB129B81B610062263E /* Messenger */ = {
			isa = PBXNativeTarget;
			buildConfigurationList = 3BDD4FC629B81B650062263E /* Build configuration list for PBXNativeTarget "Messenger" */;
			buildPhases = (
				3BDD4FAE29B81B610062263E /* Sources */,
				3BDD4FAF29B81B610062263E /* Frameworks */,
				3BDD4FB029B81B610062263E /* Resources */,
				3BDD4FC929B820EC0062263E /* SwiftLint */,
			);
			buildRules = (
			);
			dependencies = (
			);
			name = Messenger;
			productName = Messenger;
			productReference = 3BDD4FB229B81B610062263E /* Messenger.app */;
			productType = "com.apple.product-type.application";
		};
/* End PBXNativeTarget section */

/* Begin PBXProject section */
		3BDD4FAA29B81B610062263E /* Project object */ = {
			isa = PBXProject;
			attributes = {
				BuildIndependentTargetsInParallel = 1;
				LastSwiftUpdateCheck = 1410;
				LastUpgradeCheck = 1410;
				TargetAttributes = {
					3BDD4FB129B81B610062263E = {
						CreatedOnToolsVersion = 14.1;
					};
				};
			};
			buildConfigurationList = 3BDD4FAD29B81B610062263E /* Build configuration list for PBXProject "Messenger" */;
			compatibilityVersion = "Xcode 14.0";
			developmentRegion = en;
			hasScannedForEncodings = 0;
			knownRegions = (
				en,
				Base,
			);
			mainGroup = 3BDD4FA929B81B610062263E;
			productRefGroup = 3BDD4FB329B81B610062263E /* Products */;
			projectDirPath = "";
			projectRoot = "";
			targets = (
				3BDD4FB129B81B610062263E /* Messenger */,
			);
		};
/* End PBXProject section */

/* Begin PBXResourcesBuildPhase section */
		3BDD4FB029B81B610062263E /* Resources */ = {
			isa = PBXResourcesBuildPhase;
			buildActionMask = 2147483647;
			files = (
				3BDD4FC229B81B650062263E /* LaunchScreen.storyboard in Resources */,
				3BDD4FBF29B81B650062263E /* Assets.xcassets in Resources */,
				3BDD4FCB29B8228E0062263E /* README.md in Resources */,
				3BDD4FBD29B81B610062263E /* Main.storyboard in Resources */,
			);
			runOnlyForDeploymentPostprocessing = 0;
		};
/* End PBXResourcesBuildPhase section */

/* Begin PBXShellScriptBuildPhase section */
		3BDD4FC929B820EC0062263E /* SwiftLint */ = {
			isa = PBXShellScriptBuildPhase;
			alwaysOutOfDate = 1;
			buildActionMask = 2147483647;
			files = (
			);
			inputFileListPaths = (
			);
			inputPaths = (
			);
			name = SwiftLint;
			outputFileListPaths = (
			);
			outputPaths = (
			);
			runOnlyForDeploymentPostprocessing = 0;
			shellPath = /bin/sh;
			shellScript = "export PATH=\"$PATH:/opt/homebrew/bin\"\nif which swiftlint > /dev/null; then\n  swiftlint\nelse\n  echo \"warning: SwiftLint not installed, download from https://github.com/realm/SwiftLint\"\nfi\n";
		};
/* End PBXShellScriptBuildPhase section */

/* Begin PBXSourcesBuildPhase section */
		3BDD4FAE29B81B610062263E /* Sources */ = {
			isa = PBXSourcesBuildPhase;
			buildActionMask = 2147483647;
			files = (
				3BDD4FBA29B81B610062263E /* ConversationsViewController.swift in Sources */,
				3BDD4FB629B81B610062263E /* AppDelegate.swift in Sources */,
				3BDD4FD329B828B50062263E /* Utilities.swift in Sources */,
				3BDD4FB829B81B610062263E /* SceneDelegate.swift in Sources */,
			);
			runOnlyForDeploymentPostprocessing = 0;
		};
/* End PBXSourcesBuildPhase section */

/* Begin PBXVariantGroup section */
		3BDD4FBB29B81B610062263E /* Main.storyboard */ = {
			isa = PBXVariantGroup;
			children = (
				3BDD4FBC29B81B610062263E /* Base */,
			);
			name = Main.storyboard;
			sourceTree = "<group>";
		};
		3BDD4FC029B81B650062263E /* LaunchScreen.storyboard */ = {
			isa = PBXVariantGroup;
			children = (
				3BDD4FC129B81B650062263E /* Base */,
			);
			name = LaunchScreen.storyboard;
			sourceTree = "<group>";
		};
/* End PBXVariantGroup section */

/* Begin XCBuildConfiguration section */
		3BDD4FC429B81B650062263E /* Debug */ = {
			isa = XCBuildConfiguration;
			buildSettings = {
				ALWAYS_SEARCH_USER_PATHS = NO;
				CLANG_ANALYZER_NONNULL = YES;
				CLANG_ANALYZER_NUMBER_OBJECT_CONVERSION = YES_AGGRESSIVE;
				CLANG_CXX_LANGUAGE_STANDARD = "gnu++20";
				CLANG_ENABLE_MODULES = YES;
				CLANG_ENABLE_OBJC_ARC = YES;
				CLANG_ENABLE_OBJC_WEAK = YES;
				CLANG_WARN_BLOCK_CAPTURE_AUTORELEASING = YES;
				CLANG_WARN_BOOL_CONVERSION = YES;
				CLANG_WARN_COMMA = YES;
				CLANG_WARN_CONSTANT_CONVERSION = YES;
				CLANG_WARN_DEPRECATED_OBJC_IMPLEMENTATIONS = YES;
				CLANG_WARN_DIRECT_OBJC_ISA_USAGE = YES_ERROR;
				CLANG_WARN_DOCUMENTATION_COMMENTS = YES;
				CLANG_WARN_EMPTY_BODY = YES;
				CLANG_WARN_ENUM_CONVERSION = YES;
				CLANG_WARN_INFINITE_RECURSION = YES;
				CLANG_WARN_INT_CONVERSION = YES;
				CLANG_WARN_NON_LITERAL_NULL_CONVERSION = YES;
				CLANG_WARN_OBJC_IMPLICIT_RETAIN_SELF = YES;
				CLANG_WARN_OBJC_LITERAL_CONVERSION = YES;
				CLANG_WARN_OBJC_ROOT_CLASS = YES_ERROR;
				CLANG_WARN_QUOTED_INCLUDE_IN_FRAMEWORK_HEADER = YES;
				CLANG_WARN_RANGE_LOOP_ANALYSIS = YES;
				CLANG_WARN_STRICT_PROTOTYPES = YES;
				CLANG_WARN_SUSPICIOUS_MOVE = YES;
				CLANG_WARN_UNGUARDED_AVAILABILITY = YES_AGGRESSIVE;
				CLANG_WARN_UNREACHABLE_CODE = YES;
				CLANG_WARN__DUPLICATE_METHOD_MATCH = YES;
				COPY_PHASE_STRIP = NO;
				DEBUG_INFORMATION_FORMAT = dwarf;
				ENABLE_STRICT_OBJC_MSGSEND = YES;
				ENABLE_TESTABILITY = YES;
				GCC_C_LANGUAGE_STANDARD = gnu11;
				GCC_DYNAMIC_NO_PIC = NO;
				GCC_NO_COMMON_BLOCKS = YES;
				GCC_OPTIMIZATION_LEVEL = 0;
				GCC_PREPROCESSOR_DEFINITIONS = (
					"DEBUG=1",
					"$(inherited)",
				);
				GCC_WARN_64_TO_32_BIT_CONVERSION = YES;
				GCC_WARN_ABOUT_RETURN_TYPE = YES_ERROR;
				GCC_WARN_UNDECLARED_SELECTOR = YES;
				GCC_WARN_UNINITIALIZED_AUTOS = YES_AGGRESSIVE;
				GCC_WARN_UNUSED_FUNCTION = YES;
				GCC_WARN_UNUSED_VARIABLE = YES;
				IPHONEOS_DEPLOYMENT_TARGET = 16.1;
				MTL_ENABLE_DEBUG_INFO = INCLUDE_SOURCE;
				MTL_FAST_MATH = YES;
				ONLY_ACTIVE_ARCH = YES;
				SDKROOT = iphoneos;
				SWIFT_ACTIVE_COMPILATION_CONDITIONS = DEBUG;
				SWIFT_OPTIMIZATION_LEVEL = "-Onone";
			};
			name = Debug;
		};
		3BDD4FC529B81B650062263E /* Release */ = {
			isa = XCBuildConfiguration;
			buildSettings = {
				ALWAYS_SEARCH_USER_PATHS = NO;
				CLANG_ANALYZER_NONNULL = YES;
				CLANG_ANALYZER_NUMBER_OBJECT_CONVERSION = YES_AGGRESSIVE;
				CLANG_CXX_LANGUAGE_STANDARD = "gnu++20";
				CLANG_ENABLE_MODULES = YES;
				CLANG_ENABLE_OBJC_ARC = YES;
				CLANG_ENABLE_OBJC_WEAK = YES;
				CLANG_WARN_BLOCK_CAPTURE_AUTORELEASING = YES;
				CLANG_WARN_BOOL_CONVERSION = YES;
				CLANG_WARN_COMMA = YES;
				CLANG_WARN_CONSTANT_CONVERSION = YES;
				CLANG_WARN_DEPRECATED_OBJC_IMPLEMENTATIONS = YES;
				CLANG_WARN_DIRECT_OBJC_ISA_USAGE = YES_ERROR;
				CLANG_WARN_DOCUMENTATION_COMMENTS = YES;
				CLANG_WARN_EMPTY_BODY = YES;
				CLANG_WARN_ENUM_CONVERSION = YES;
				CLANG_WARN_INFINITE_RECURSION = YES;
				CLANG_WARN_INT_CONVERSION = YES;
				CLANG_WARN_NON_LITERAL_NULL_CONVERSION = YES;
				CLANG_WARN_OBJC_IMPLICIT_RETAIN_SELF = YES;
				CLANG_WARN_OBJC_LITERAL_CONVERSION = YES;
				CLANG_WARN_OBJC_ROOT_CLASS = YES_ERROR;
				CLANG_WARN_QUOTED_INCLUDE_IN_FRAMEWORK_HEADER = YES;
				CLANG_WARN_RANGE_LOOP_ANALYSIS = YES;
				CLANG_WARN_STRICT_PROTOTYPES = YES;
				CLANG_WARN_SUSPICIOUS_MOVE = YES;
				CLANG_WARN_UNGUARDED_AVAILABILITY = YES_AGGRESSIVE;
				CLANG_WARN_UNREACHABLE_CODE = YES;
				CLANG_WARN__DUPLICATE_METHOD_MATCH = YES;
				COPY_PHASE_STRIP = NO;
				DEBUG_INFORMATION_FORMAT = "dwarf-with-dsym";
				ENABLE_NS_ASSERTIONS = NO;
				ENABLE_STRICT_OBJC_MSGSEND = YES;
				GCC_C_LANGUAGE_STANDARD = gnu11;
				GCC_NO_COMMON_BLOCKS = YES;
				GCC_WARN_64_TO_32_BIT_CONVERSION = YES;
				GCC_WARN_ABOUT_RETURN_TYPE = YES_ERROR;
				GCC_WARN_UNDECLARED_SELECTOR = YES;
				GCC_WARN_UNINITIALIZED_AUTOS = YES_AGGRESSIVE;
				GCC_WARN_UNUSED_FUNCTION = YES;
				GCC_WARN_UNUSED_VARIABLE = YES;
				IPHONEOS_DEPLOYMENT_TARGET = 16.1;
				MTL_ENABLE_DEBUG_INFO = NO;
				MTL_FAST_MATH = YES;
				SDKROOT = iphoneos;
				SWIFT_COMPILATION_MODE = wholemodule;
				SWIFT_OPTIMIZATION_LEVEL = "-O";
				VALIDATE_PRODUCT = YES;
			};
			name = Release;
		};
		3BDD4FC729B81B650062263E /* Debug */ = {
			isa = XCBuildConfiguration;
			buildSettings = {
				ASSETCATALOG_COMPILER_APPICON_NAME = AppIcon;
				ASSETCATALOG_COMPILER_GLOBAL_ACCENT_COLOR_NAME = AccentColor;
				CODE_SIGN_STYLE = Automatic;
				CURRENT_PROJECT_VERSION = 1;
				DEVELOPMENT_TEAM = 372C6ZRL6X;
				GENERATE_INFOPLIST_FILE = YES;
				INFOPLIST_FILE = Messenger/Info.plist;
				INFOPLIST_KEY_CFBundleDisplayName = Messenger;
				INFOPLIST_KEY_UIApplicationSupportsIndirectInputEvents = YES;
				INFOPLIST_KEY_UILaunchStoryboardName = LaunchScreen;
				INFOPLIST_KEY_UIMainStoryboardFile = Main;
				INFOPLIST_KEY_UISupportedInterfaceOrientations = UIInterfaceOrientationPortrait;
				INFOPLIST_KEY_UISupportedInterfaceOrientations_iPad = "UIInterfaceOrientationLandscapeLeft UIInterfaceOrientationLandscapeRight UIInterfaceOrientationPortrait UIInterfaceOrientationPortraitUpsideDown";
				IPHONEOS_DEPLOYMENT_TARGET = 13.5;
				LD_RUNPATH_SEARCH_PATHS = (
					"$(inherited)",
					"@executable_path/Frameworks",
				);
				MARKETING_VERSION = 1.0;
				PRODUCT_BUNDLE_IDENTIFIER = com.abhinaypratap.Messenger;
				PRODUCT_NAME = "$(TARGET_NAME)";
				SUPPORTED_PLATFORMS = "iphoneos iphonesimulator";
				SUPPORTS_MACCATALYST = NO;
				SUPPORTS_MAC_DESIGNED_FOR_IPHONE_IPAD = NO;
				SWIFT_EMIT_LOC_STRINGS = YES;
				SWIFT_VERSION = 5.0;
				TARGETED_DEVICE_FAMILY = 1;
			};
			name = Debug;
		};
		3BDD4FC829B81B650062263E /* Release */ = {
			isa = XCBuildConfiguration;
			buildSettings = {
				ASSETCATALOG_COMPILER_APPICON_NAME = AppIcon;
				ASSETCATALOG_COMPILER_GLOBAL_ACCENT_COLOR_NAME = AccentColor;
				CODE_SIGN_STYLE = Automatic;
				CURRENT_PROJECT_VERSION = 1;
				DEVELOPMENT_TEAM = 372C6ZRL6X;
				GENERATE_INFOPLIST_FILE = YES;
				INFOPLIST_FILE = Messenger/Info.plist;
				INFOPLIST_KEY_CFBundleDisplayName = Messenger;
				INFOPLIST_KEY_UIApplicationSupportsIndirectInputEvents = YES;
				INFOPLIST_KEY_UILaunchStoryboardName = LaunchScreen;
				INFOPLIST_KEY_UIMainStoryboardFile = Main;
				INFOPLIST_KEY_UISupportedInterfaceOrientations = UIInterfaceOrientationPortrait;
				INFOPLIST_KEY_UISupportedInterfaceOrientations_iPad = "UIInterfaceOrientationLandscapeLeft UIInterfaceOrientationLandscapeRight UIInterfaceOrientationPortrait UIInterfaceOrientationPortraitUpsideDown";
				IPHONEOS_DEPLOYMENT_TARGET = 13.5;
				LD_RUNPATH_SEARCH_PATHS = (
					"$(inherited)",
					"@executable_path/Frameworks",
				);
				MARKETING_VERSION = 1.0;
				PRODUCT_BUNDLE_IDENTIFIER = com.abhinaypratap.Messenger;
				PRODUCT_NAME = "$(TARGET_NAME)";
				SUPPORTED_PLATFORMS = "iphoneos iphonesimulator";
				SUPPORTS_MACCATALYST = NO;
				SUPPORTS_MAC_DESIGNED_FOR_IPHONE_IPAD = NO;
				SWIFT_EMIT_LOC_STRINGS = YES;
				SWIFT_VERSION = 5.0;
				TARGETED_DEVICE_FAMILY = 1;
			};
			name = Release;
		};
/* End XCBuildConfiguration section */

/* Begin XCConfigurationList section */
		3BDD4FAD29B81B610062263E /* Build configuration list for PBXProject "Messenger" */ = {
			isa = XCConfigurationList;
			buildConfigurations = (
				3BDD4FC429B81B650062263E /* Debug */,
				3BDD4FC529B81B650062263E /* Release */,
			);
			defaultConfigurationIsVisible = 0;
			defaultConfigurationName = Release;
		};
		3BDD4FC629B81B650062263E /* Build configuration list for PBXNativeTarget "Messenger" */ = {
			isa = XCConfigurationList;
			buildConfigurations = (
				3BDD4FC729B81B650062263E /* Debug */,
				3BDD4FC829B81B650062263E /* Release */,
			);
			defaultConfigurationIsVisible = 0;
			defaultConfigurationName = Release;
		};
/* End XCConfigurationList section */
	};
	rootObject = 3BDD4FAA29B81B610062263E /* Project object */;
}
